
Microsoft Visual Studio Solution File, Format Version 12.00
# Visual Studio 15
VisualStudioVersion = 15.0.27703.2026
MinimumVisualStudioVersion = 10.0.40219.1
Project("{FAE04EC0-301F-11D3-BF4B-00C04F79EFBC}") = "MusicStore", "MusicStore\MusicStore.csproj", "{8283C276-5D59-4D08-B416-4622EFEA1054}"
EndProject
Global
	GlobalSection(SolutionConfigurationPlatforms) = preSolution
		Debug|Any CPU = Debug|Any CPU
		Release|Any CPU = Release|Any CPU
	EndGlobalSection
	GlobalSection(ProjectConfigurationPlatforms) = postSolution
		{8283C276-5D59-4D08-B416-4622EFEA1054}.Debug|Any CPU.ActiveCfg = Debug|Any CPU
		{8283C276-5D59-4D08-B416-4622EFEA1054}.Debug|Any CPU.Build.0 = Debug|Any CPU
		{8283C276-5D59-4D08-B416-4622EFEA1054}.Release|Any CPU.ActiveCfg = Release|Any CPU
		{8283C276-5D59-4D08-B416-4622EFEA1054}.Release|Any CPU.Build.0 = Release|Any CPU
	EndGlobalSection
	GlobalSection(SolutionProperties) = preSolution
		HideSolutionNode = FALSE
	EndGlobalSection
	GlobalSection(ExtensibilityGlobals) = postSolution
		SolutionGuid = {4918333F-6509-479B-9466-1FEEBF1EDD04}
	EndGlobalSection
EndGlobal
